
Microsoft Visual Studio Solution File, Format Version 12.00
# Visual Studio Version 17
VisualStudioVersion = 17.7.34031.279
MinimumVisualStudioVersion = 10.0.40219.1
Project("{FAE04EC0-301F-11D3-BF4B-00C04F79EFBC}") = "talentX.WebScrapper.Allabolog.Api", ".\talentX.WebScrapper.Allabolog.Api\talentX.WebScrapper.Allabolog.Api.csproj", "{7E642BCD-1B2B-4927-A19A-30560AA34D11}"
EndProject
Project("{FAE04EC0-301F-11D3-BF4B-00C04F79EFBC}") = "talentX.WebScrapper.Allabolog.Repositories", ".\talentX.WebScrapper.Allabolog.Repositories\talentX.WebScrapper.Allabolog.Repositories.csproj", "{C0D7B78A-F21E-4CD8-B9D5-B2C64FCD8921}"
EndProject
Project("{FAE04EC0-301F-11D3-BF4B-00C04F79EFBC}") = "talentX.WebScrapper.Allabolog.Entities", ".\talentX.WebScrapper.Allabolog.Entities\talentX.WebScrapper.Allabolog.Entities.csproj", "{BDB3E20D-4657-47E4-9AE5-9F5488B7C3DC}"
EndProject
Project("{FAE04EC0-301F-11D3-BF4B-00C04F79EFBC}") = "talentX.WebScrapper.Allabolog.Utils", ".\talentX.WebScrapper.Allabolog.Utils\talentX.WebScrapper.Allabolog.Utils.csproj", "{089999A8-AB49-443B-8C2B-7D3039A9F0B1}"
EndProject
Project("{FAE04EC0-301F-11D3-BF4B-00C04F79EFBC}") = "talentX.WebScrapper.Allabolog.Extensions", ".\talentX.WebScrapper.Allabolog.Extensions\talentX.WebScrapper.Allabolog.Extensions.csproj", "{8E2948A9-071E-40F1-ACB7-70D6F630C09F}"
EndProject
Global
	GlobalSection(SolutionConfigurationPlatforms) = preSolution
		Debug|Any CPU = Debug|Any CPU
		Release|Any CPU = Release|Any CPU
	EndGlobalSection
	GlobalSection(ProjectConfigurationPlatforms) = postSolution
		{7E642BCD-1B2B-4927-A19A-30560AA34D11}.Debug|Any CPU.ActiveCfg = Debug|Any CPU
		{7E642BCD-1B2B-4927-A19A-30560AA34D11}.Debug|Any CPU.Build.0 = Debug|Any CPU
		{7E642BCD-1B2B-4927-A19A-30560AA34D11}.Release|Any CPU.ActiveCfg = Release|Any CPU
		{7E642BCD-1B2B-4927-A19A-30560AA34D11}.Release|Any CPU.Build.0 = Release|Any CPU
		{C0D7B78A-F21E-4CD8-B9D5-B2C64FCD8921}.Debug|Any CPU.ActiveCfg = Debug|Any CPU
		{C0D7B78A-F21E-4CD8-B9D5-B2C64FCD8921}.Debug|Any CPU.Build.0 = Debug|Any CPU
		{C0D7B78A-F21E-4CD8-B9D5-B2C64FCD8921}.Release|Any CPU.ActiveCfg = Release|Any CPU
		{C0D7B78A-F21E-4CD8-B9D5-B2C64FCD8921}.Release|Any CPU.Build.0 = Release|Any CPU
		{BDB3E20D-4657-47E4-9AE5-9F5488B7C3DC}.Debug|Any CPU.ActiveCfg = Debug|Any CPU
		{BDB3E20D-4657-47E4-9AE5-9F5488B7C3DC}.Debug|Any CPU.Build.0 = Debug|Any CPU
		{BDB3E20D-4657-47E4-9AE5-9F5488B7C3DC}.Release|Any CPU.ActiveCfg = Release|Any CPU
		{BDB3E20D-4657-47E4-9AE5-9F5488B7C3DC}.Release|Any CPU.Build.0 = Release|Any CPU
		{089999A8-AB49-443B-8C2B-7D3039A9F0B1}.Debug|Any CPU.ActiveCfg = Debug|Any CPU
		{089999A8-AB49-443B-8C2B-7D3039A9F0B1}.Debug|Any CPU.Build.0 = Debug|Any CPU
		{089999A8-AB49-443B-8C2B-7D3039A9F0B1}.Release|Any CPU.ActiveCfg = Release|Any CPU
		{089999A8-AB49-443B-8C2B-7D3039A9F0B1}.Release|Any CPU.Build.0 = Release|Any CPU
		{8E2948A9-071E-40F1-ACB7-70D6F630C09F}.Debug|Any CPU.ActiveCfg = Debug|Any CPU
		{8E2948A9-071E-40F1-ACB7-70D6F630C09F}.Debug|Any CPU.Build.0 = Debug|Any CPU
		{8E2948A9-071E-40F1-ACB7-70D6F630C09F}.Release|Any CPU.ActiveCfg = Release|Any CPU
		{8E2948A9-071E-40F1-ACB7-70D6F630C09F}.Release|Any CPU.Build.0 = Release|Any CPU
	EndGlobalSection
	GlobalSection(SolutionProperties) = preSolution
		HideSolutionNode = FALSE
	EndGlobalSection
	GlobalSection(ExtensibilityGlobals) = postSolution
		SolutionGuid = {9514E9D8-5026-4A83-9382-C05675DF5002}
	EndGlobalSection
EndGlobal
